
Microsoft Visual Studio Solution File, Format Version 12.00
# Visual Studio Version 17
VisualStudioVersion = 17.4.33122.133
MinimumVisualStudioVersion = 10.0.40219.1
Project("{FAE04EC0-301F-11D3-BF4B-00C04F79EFBC}") = "Pustok", "Pustok\Pustok.csproj", "{8661FB7E-42B0-403C-93E3-BA6060BBB60B}"
EndProject
Global
	GlobalSection(SolutionConfigurationPlatforms) = preSolution
		Debug|Any CPU = Debug|Any CPU
		Release|Any CPU = Release|Any CPU
	EndGlobalSection
	GlobalSection(ProjectConfigurationPlatforms) = postSolution
		{8661FB7E-42B0-403C-93E3-BA6060BBB60B}.Debug|Any CPU.ActiveCfg = Debug|Any CPU
		{8661FB7E-42B0-403C-93E3-BA6060BBB60B}.Debug|Any CPU.Build.0 = Debug|Any CPU
		{8661FB7E-42B0-403C-93E3-BA6060BBB60B}.Release|Any CPU.ActiveCfg = Release|Any CPU
		{8661FB7E-42B0-403C-93E3-BA6060BBB60B}.Release|Any CPU.Build.0 = Release|Any CPU
	EndGlobalSection
	GlobalSection(SolutionProperties) = preSolution
		HideSolutionNode = FALSE
	EndGlobalSection
	GlobalSection(ExtensibilityGlobals) = postSolution
		SolutionGuid = {1DFB42B8-D37F-4B9C-983B-07C6FF2BD2CD}
	EndGlobalSection
EndGlobal
